
Microsoft Visual Studio Solution File, Format Version 12.00
# Visual Studio Version 16
VisualStudioVersion = 16.0.30404.54
MinimumVisualStudioVersion = 10.0.40219.1
Project("{FAE04EC0-301F-11D3-BF4B-00C04F79EFBC}") = "StudioPlugin", "StudioPlugin\StudioPlugin.csproj", "{985D6B40-A32E-4FBC-9043-9DF337D7D84D}"
EndProject
Project("{FAE04EC0-301F-11D3-BF4B-00C04F79EFBC}") = "ProjectHelper", "ProjectHelper\ProjectHelper.csproj", "{E527CD98-79F0-4E19-A742-60AA6DDEFFEE}"
EndProject
Project("{FAE04EC0-301F-11D3-BF4B-00C04F79EFBC}") = "BatterySizesParser", "BatterySizesParser\BatterySizesParser.csproj", "{610BFBB4-BC8B-4914-A920-BE077CE2A0B1}"
EndProject
Project("{9A19103F-16F7-4668-BE54-9A1E7A4F7556}") = "LEGO_Bridge_WIN", "LEGO_Bridge_WIN\LEGO_Bridge_WIN.csproj", "{129CE3A2-F468-43F5-B5CB-8D1006C9B748}"
EndProject
Project("{9A19103F-16F7-4668-BE54-9A1E7A4F7556}") = "LEGO_Builder", "LEGO_Builder\LEGO_Builder.csproj", "{437483E8-D212-4C62-A601-AE4C0ECE70B3}"
EndProject
Project("{9A19103F-16F7-4668-BE54-9A1E7A4F7556}") = "SharedLib", "SharedLib\SharedLib.csproj", "{B3291E2B-05B4-4023-A1A8-16E150109D06}"
EndProject
Project("{FAE04EC0-301F-11D3-BF4B-00C04F79EFBC}") = "LEGO_Bridge_PHONE.Android", "LEGO_Bridge_PHONE\LEGO_Bridge_PHONE.Android\LEGO_Bridge_PHONE.Android.csproj", "{40470BAC-A1DD-476D-935E-47A186A849F0}"
EndProject
Project("{FAE04EC0-301F-11D3-BF4B-00C04F79EFBC}") = "LEGO_Bridge_PHONE.iOS", "LEGO_Bridge_PHONE\LEGO_Bridge_PHONE.iOS\LEGO_Bridge_PHONE.iOS.csproj", "{3AE95654-0268-4F60-90B7-D3B141CF4D71}"
EndProject
Project("{FAE04EC0-301F-11D3-BF4B-00C04F79EFBC}") = "LEGO_Bridge_PHONE", "LEGO_Bridge_PHONE\LEGO_Bridge_PHONE\LEGO_Bridge_PHONE.csproj", "{5A1E3847-3F10-4BDA-A9EE-B496C5DEB9B4}"
EndProject
Global
	GlobalSection(SolutionConfigurationPlatforms) = preSolution
		Debug|Any CPU = Debug|Any CPU
		Debug|iPhone = Debug|iPhone
		Debug|iPhoneSimulator = Debug|iPhoneSimulator
		Release|Any CPU = Release|Any CPU
		Release|iPhone = Release|iPhone
		Release|iPhoneSimulator = Release|iPhoneSimulator
	EndGlobalSection
	GlobalSection(ProjectConfigurationPlatforms) = postSolution
		{985D6B40-A32E-4FBC-9043-9DF337D7D84D}.Debug|Any CPU.ActiveCfg = Debug|Any CPU
		{985D6B40-A32E-4FBC-9043-9DF337D7D84D}.Debug|Any CPU.Build.0 = Debug|Any CPU
		{985D6B40-A32E-4FBC-9043-9DF337D7D84D}.Debug|iPhone.ActiveCfg = Debug|Any CPU
		{985D6B40-A32E-4FBC-9043-9DF337D7D84D}.Debug|iPhone.Build.0 = Debug|Any CPU
		{985D6B40-A32E-4FBC-9043-9DF337D7D84D}.Debug|iPhoneSimulator.ActiveCfg = Debug|Any CPU
		{985D6B40-A32E-4FBC-9043-9DF337D7D84D}.Debug|iPhoneSimulator.Build.0 = Debug|Any CPU
		{985D6B40-A32E-4FBC-9043-9DF337D7D84D}.Release|Any CPU.ActiveCfg = Release|Any CPU
		{985D6B40-A32E-4FBC-9043-9DF337D7D84D}.Release|Any CPU.Build.0 = Release|Any CPU
		{985D6B40-A32E-4FBC-9043-9DF337D7D84D}.Release|iPhone.ActiveCfg = Release|Any CPU
		{985D6B40-A32E-4FBC-9043-9DF337D7D84D}.Release|iPhone.Build.0 = Release|Any CPU
		{985D6B40-A32E-4FBC-9043-9DF337D7D84D}.Release|iPhoneSimulator.ActiveCfg = Release|Any CPU
		{985D6B40-A32E-4FBC-9043-9DF337D7D84D}.Release|iPhoneSimulator.Build.0 = Release|Any CPU
		{E527CD98-79F0-4E19-A742-60AA6DDEFFEE}.Debug|Any CPU.ActiveCfg = Debug|Any CPU
		{E527CD98-79F0-4E19-A742-60AA6DDEFFEE}.Debug|Any CPU.Build.0 = Debug|Any CPU
		{E527CD98-79F0-4E19-A742-60AA6DDEFFEE}.Debug|iPhone.ActiveCfg = Debug|Any CPU
		{E527CD98-79F0-4E19-A742-60AA6DDEFFEE}.Debug|iPhone.Build.0 = Debug|Any CPU
		{E527CD98-79F0-4E19-A742-60AA6DDEFFEE}.Debug|iPhoneSimulator.ActiveCfg = Debug|Any CPU
		{E527CD98-79F0-4E19-A742-60AA6DDEFFEE}.Debug|iPhoneSimulator.Build.0 = Debug|Any CPU
		{E527CD98-79F0-4E19-A742-60AA6DDEFFEE}.Release|Any CPU.ActiveCfg = Release|Any CPU
		{E527CD98-79F0-4E19-A742-60AA6DDEFFEE}.Release|Any CPU.Build.0 = Release|Any CPU
		{E527CD98-79F0-4E19-A742-60AA6DDEFFEE}.Release|iPhone.ActiveCfg = Release|Any CPU
		{E527CD98-79F0-4E19-A742-60AA6DDEFFEE}.Release|iPhone.Build.0 = Release|Any CPU
		{E527CD98-79F0-4E19-A742-60AA6DDEFFEE}.Release|iPhoneSimulator.ActiveCfg = Release|Any CPU
		{E527CD98-79F0-4E19-A742-60AA6DDEFFEE}.Release|iPhoneSimulator.Build.0 = Release|Any CPU
		{610BFBB4-BC8B-4914-A920-BE077CE2A0B1}.Debug|Any CPU.ActiveCfg = Debug|Any CPU
		{610BFBB4-BC8B-4914-A920-BE077CE2A0B1}.Debug|Any CPU.Build.0 = Debug|Any CPU
		{610BFBB4-BC8B-4914-A920-BE077CE2A0B1}.Debug|iPhone.ActiveCfg = Debug|Any CPU
		{610BFBB4-BC8B-4914-A920-BE077CE2A0B1}.Debug|iPhone.Build.0 = Debug|Any CPU
		{610BFBB4-BC8B-4914-A920-BE077CE2A0B1}.Debug|iPhoneSimulator.ActiveCfg = Debug|Any CPU
		{610BFBB4-BC8B-4914-A920-BE077CE2A0B1}.Debug|iPhoneSimulator.Build.0 = Debug|Any CPU
		{610BFBB4-BC8B-4914-A920-BE077CE2A0B1}.Release|Any CPU.ActiveCfg = Release|Any CPU
		{610BFBB4-BC8B-4914-A920-BE077CE2A0B1}.Release|Any CPU.Build.0 = Release|Any CPU
		{610BFBB4-BC8B-4914-A920-BE077CE2A0B1}.Release|iPhone.ActiveCfg = Release|Any CPU
		{610BFBB4-BC8B-4914-A920-BE077CE2A0B1}.Release|iPhone.Build.0 = Release|Any CPU
		{610BFBB4-BC8B-4914-A920-BE077CE2A0B1}.Release|iPhoneSimulator.ActiveCfg = Release|Any CPU
		{610BFBB4-BC8B-4914-A920-BE077CE2A0B1}.Release|iPhoneSimulator.Build.0 = Release|Any CPU
		{129CE3A2-F468-43F5-B5CB-8D1006C9B748}.Debug|Any CPU.ActiveCfg = Debug|Any CPU
		{129CE3A2-F468-43F5-B5CB-8D1006C9B748}.Debug|Any CPU.Build.0 = Debug|Any CPU
		{129CE3A2-F468-43F5-B5CB-8D1006C9B748}.Debug|iPhone.ActiveCfg = Debug|Any CPU
		{129CE3A2-F468-43F5-B5CB-8D1006C9B748}.Debug|iPhone.Build.0 = Debug|Any CPU
		{129CE3A2-F468-43F5-B5CB-8D1006C9B748}.Debug|iPhoneSimulator.ActiveCfg = Debug|Any CPU
		{129CE3A2-F468-43F5-B5CB-8D1006C9B748}.Debug|iPhoneSimulator.Build.0 = Debug|Any CPU
		{129CE3A2-F468-43F5-B5CB-8D1006C9B748}.Release|Any CPU.ActiveCfg = Release|Any CPU
		{129CE3A2-F468-43F5-B5CB-8D1006C9B748}.Release|Any CPU.Build.0 = Release|Any CPU
		{129CE3A2-F468-43F5-B5CB-8D1006C9B748}.Release|iPhone.ActiveCfg = Release|Any CPU
		{129CE3A2-F468-43F5-B5CB-8D1006C9B748}.Release|iPhone.Build.0 = Release|Any CPU
		{129CE3A2-F468-43F5-B5CB-8D1006C9B748}.Release|iPhoneSimulator.ActiveCfg = Release|Any CPU
		{129CE3A2-F468-43F5-B5CB-8D1006C9B748}.Release|iPhoneSimulator.Build.0 = Release|Any CPU
		{437483E8-D212-4C62-A601-AE4C0ECE70B3}.Debug|Any CPU.ActiveCfg = Debug|Any CPU
		{437483E8-D212-4C62-A601-AE4C0ECE70B3}.Debug|Any CPU.Build.0 = Debug|Any CPU
		{437483E8-D212-4C62-A601-AE4C0ECE70B3}.Debug|iPhone.ActiveCfg = Debug|Any CPU
		{437483E8-D212-4C62-A601-AE4C0ECE70B3}.Debug|iPhone.Build.0 = Debug|Any CPU
		{437483E8-D212-4C62-A601-AE4C0ECE70B3}.Debug|iPhoneSimulator.ActiveCfg = Debug|Any CPU
		{437483E8-D212-4C62-A601-AE4C0ECE70B3}.Debug|iPhoneSimulator.Build.0 = Debug|Any CPU
		{437483E8-D212-4C62-A601-AE4C0ECE70B3}.Release|Any CPU.ActiveCfg = Release|Any CPU
		{437483E8-D212-4C62-A601-AE4C0ECE70B3}.Release|Any CPU.Build.0 = Release|Any CPU
		{437483E8-D212-4C62-A601-AE4C0ECE70B3}.Release|iPhone.ActiveCfg = Release|Any CPU
		{437483E8-D212-4C62-A601-AE4C0ECE70B3}.Release|iPhone.Build.0 = Release|Any CPU
		{437483E8-D212-4C62-A601-AE4C0ECE70B3}.Release|iPhoneSimulator.ActiveCfg = Release|Any CPU
		{437483E8-D212-4C62-A601-AE4C0ECE70B3}.Release|iPhoneSimulator.Build.0 = Release|Any CPU
		{B3291E2B-05B4-4023-A1A8-16E150109D06}.Debug|Any CPU.ActiveCfg = Debug|Any CPU
		{B3291E2B-05B4-4023-A1A8-16E150109D06}.Debug|Any CPU.Build.0 = Debug|Any CPU
		{B3291E2B-05B4-4023-A1A8-16E150109D06}.Debug|iPhone.ActiveCfg = Debug|Any CPU
		{B3291E2B-05B4-4023-A1A8-16E150109D06}.Debug|iPhone.Build.0 = Debug|Any CPU
		{B3291E2B-05B4-4023-A1A8-16E150109D06}.Debug|iPhoneSimulator.ActiveCfg = Debug|Any CPU
		{B3291E2B-05B4-4023-A1A8-16E150109D06}.Debug|iPhoneSimulator.Build.0 = Debug|Any CPU
		{B3291E2B-05B4-4023-A1A8-16E150109D06}.Release|Any CPU.ActiveCfg = Release|Any CPU
		{B3291E2B-05B4-4023-A1A8-16E150109D06}.Release|Any CPU.Build.0 = Release|Any CPU
		{B3291E2B-05B4-4023-A1A8-16E150109D06}.Release|iPhone.ActiveCfg = Release|Any CPU
		{B3291E2B-05B4-4023-A1A8-16E150109D06}.Release|iPhone.Build.0 = Release|Any CPU
		{B3291E2B-05B4-4023-A1A8-16E150109D06}.Release|iPhoneSimulator.ActiveCfg = Release|Any CPU
		{B3291E2B-05B4-4023-A1A8-16E150109D06}.Release|iPhoneSimulator.Build.0 = Release|Any CPU
		{40470BAC-A1DD-476D-935E-47A186A849F0}.Debug|Any CPU.ActiveCfg = Debug|Any CPU
		{40470BAC-A1DD-476D-935E-47A186A849F0}.Debug|Any CPU.Build.0 = Debug|Any CPU
		{40470BAC-A1DD-476D-935E-47A186A849F0}.Debug|Any CPU.Deploy.0 = Debug|Any CPU
		{40470BAC-A1DD-476D-935E-47A186A849F0}.Debug|iPhone.ActiveCfg = Debug|Any CPU
		{40470BAC-A1DD-476D-935E-47A186A849F0}.Debug|iPhone.Build.0 = Debug|Any CPU
		{40470BAC-A1DD-476D-935E-47A186A849F0}.Debug|iPhone.Deploy.0 = Debug|Any CPU
		{40470BAC-A1DD-476D-935E-47A186A849F0}.Debug|iPhoneSimulator.ActiveCfg = Debug|Any CPU
		{40470BAC-A1DD-476D-935E-47A186A849F0}.Debug|iPhoneSimulator.Build.0 = Debug|Any CPU
		{40470BAC-A1DD-476D-935E-47A186A849F0}.Debug|iPhoneSimulator.Deploy.0 = Debug|Any CPU
		{40470BAC-A1DD-476D-935E-47A186A849F0}.Release|Any CPU.ActiveCfg = Release|Any CPU
		{40470BAC-A1DD-476D-935E-47A186A849F0}.Release|Any CPU.Build.0 = Release|Any CPU
		{40470BAC-A1DD-476D-935E-47A186A849F0}.Release|Any CPU.Deploy.0 = Release|Any CPU
		{40470BAC-A1DD-476D-935E-47A186A849F0}.Release|iPhone.ActiveCfg = Release|Any CPU
		{40470BAC-A1DD-476D-935E-47A186A849F0}.Release|iPhone.Build.0 = Release|Any CPU
		{40470BAC-A1DD-476D-935E-47A186A849F0}.Release|iPhone.Deploy.0 = Release|Any CPU
		{40470BAC-A1DD-476D-935E-47A186A849F0}.Release|iPhoneSimulator.ActiveCfg = Release|Any CPU
		{40470BAC-A1DD-476D-935E-47A186A849F0}.Release|iPhoneSimulator.Build.0 = Release|Any CPU
		{40470BAC-A1DD-476D-935E-47A186A849F0}.Release|iPhoneSimulator.Deploy.0 = Release|Any CPU
		{3AE95654-0268-4F60-90B7-D3B141CF4D71}.Debug|Any CPU.ActiveCfg = Debug|iPhoneSimulator
		{3AE95654-0268-4F60-90B7-D3B141CF4D71}.Debug|iPhone.ActiveCfg = Debug|iPhone
		{3AE95654-0268-4F60-90B7-D3B141CF4D71}.Debug|iPhone.Build.0 = Debug|iPhone
		{3AE95654-0268-4F60-90B7-D3B141CF4D71}.Debug|iPhoneSimulator.ActiveCfg = Debug|iPhoneSimulator
		{3AE95654-0268-4F60-90B7-D3B141CF4D71}.Debug|iPhoneSimulator.Build.0 = Debug|iPhoneSimulator
		{3AE95654-0268-4F60-90B7-D3B141CF4D71}.Release|Any CPU.ActiveCfg = Release|iPhoneSimulator
		{3AE95654-0268-4F60-90B7-D3B141CF4D71}.Release|iPhone.ActiveCfg = Release|iPhone
		{3AE95654-0268-4F60-90B7-D3B141CF4D71}.Release|iPhone.Build.0 = Release|iPhone
		{3AE95654-0268-4F60-90B7-D3B141CF4D71}.Release|iPhoneSimulator.ActiveCfg = Release|iPhoneSimulator
		{3AE95654-0268-4F60-90B7-D3B141CF4D71}.Release|iPhoneSimulator.Build.0 = Release|iPhoneSimulator
		{5A1E3847-3F10-4BDA-A9EE-B496C5DEB9B4}.Debug|Any CPU.ActiveCfg = Debug|Any CPU
		{5A1E3847-3F10-4BDA-A9EE-B496C5DEB9B4}.Debug|Any CPU.Build.0 = Debug|Any CPU
		{5A1E3847-3F10-4BDA-A9EE-B496C5DEB9B4}.Debug|iPhone.ActiveCfg = Debug|Any CPU
		{5A1E3847-3F10-4BDA-A9EE-B496C5DEB9B4}.Debug|iPhone.Build.0 = Debug|Any CPU
		{5A1E3847-3F10-4BDA-A9EE-B496C5DEB9B4}.Debug|iPhoneSimulator.ActiveCfg = Debug|Any CPU
		{5A1E3847-3F10-4BDA-A9EE-B496C5DEB9B4}.Debug|iPhoneSimulator.Build.0 = Debug|Any CPU
		{5A1E3847-3F10-4BDA-A9EE-B496C5DEB9B4}.Release|Any CPU.ActiveCfg = Release|Any CPU
		{5A1E3847-3F10-4BDA-A9EE-B496C5DEB9B4}.Release|Any CPU.Build.0 = Release|Any CPU
		{5A1E3847-3F10-4BDA-A9EE-B496C5DEB9B4}.Release|iPhone.ActiveCfg = Release|Any CPU
		{5A1E3847-3F10-4BDA-A9EE-B496C5DEB9B4}.Release|iPhone.Build.0 = Release|Any CPU
		{5A1E3847-3F10-4BDA-A9EE-B496C5DEB9B4}.Release|iPhoneSimulator.ActiveCfg = Release|Any CPU
		{5A1E3847-3F10-4BDA-A9EE-B496C5DEB9B4}.Release|iPhoneSimulator.Build.0 = Release|Any CPU
	EndGlobalSection
	GlobalSection(SolutionProperties) = preSolution
		HideSolutionNode = FALSE
	EndGlobalSection
	GlobalSection(ExtensibilityGlobals) = postSolution
		SolutionGuid = {3957BCAF-9CA6-4277-B942-382CA3FBE2AA}
	EndGlobalSection
EndGlobal
